
Microsoft Visual Studio Solution File, Format Version 12.00
# Visual Studio Version 17
VisualStudioVersion = 17.2.32602.215
MinimumVisualStudioVersion = 10.0.40219.1
Project("{FAE04EC0-301F-11D3-BF4B-00C04F79EFBC}") = "LinkedListsExercises", "LeetCodeExercises\LinkedListsExercises.csproj", "{D4FD602F-274E-478D-9FE7-9BCEEB8B41DA}"
EndProject
Global
	GlobalSection(SolutionConfigurationPlatforms) = preSolution
		Debug|Any CPU = Debug|Any CPU
		Release|Any CPU = Release|Any CPU
	EndGlobalSection
	GlobalSection(ProjectConfigurationPlatforms) = postSolution
		{D4FD602F-274E-478D-9FE7-9BCEEB8B41DA}.Debug|Any CPU.ActiveCfg = Debug|Any CPU
		{D4FD602F-274E-478D-9FE7-9BCEEB8B41DA}.Debug|Any CPU.Build.0 = Debug|Any CPU
		{D4FD602F-274E-478D-9FE7-9BCEEB8B41DA}.Release|Any CPU.ActiveCfg = Release|Any CPU
		{D4FD602F-274E-478D-9FE7-9BCEEB8B41DA}.Release|Any CPU.Build.0 = Release|Any CPU
	EndGlobalSection
	GlobalSection(SolutionProperties) = preSolution
		HideSolutionNode = FALSE
	EndGlobalSection
	GlobalSection(ExtensibilityGlobals) = postSolution
		SolutionGuid = {A74CF5D9-B250-4532-B4ED-AE5AC9544150}
	EndGlobalSection
EndGlobal
